// !$*UTF8*$!
{
	archiveVersion = 1;
	classes = {
	};
	objectVersion = 46;
	objects = {

/* Begin PBXBuildFile section */
		9497974C1EF3AC900044727C /* AppDelegate.swift in Sources */ = {isa = PBXBuildFile; fileRef = 9497974B1EF3AC900044727C /* AppDelegate.swift */; };
		949797511EF3AC900044727C /* Main.storyboard in Resources */ = {isa = PBXBuildFile; fileRef = 9497974F1EF3AC900044727C /* Main.storyboard */; };
		949797531EF3AC900044727C /* Assets.xcassets in Resources */ = {isa = PBXBuildFile; fileRef = 949797521EF3AC900044727C /* Assets.xcassets */; };
		9497976A1EF3CAAB0044727C /* Home.storyboard in Resources */ = {isa = PBXBuildFile; fileRef = 949797681EF3CAAB0044727C /* Home.storyboard */; };
		9497976C1EF3CB8B0044727C /* Live.storyboard in Resources */ = {isa = PBXBuildFile; fileRef = 9497976B1EF3CB8B0044727C /* Live.storyboard */; };
		9497976F1EF3CBAD0044727C /* Follow.storyboard in Resources */ = {isa = PBXBuildFile; fileRef = 9497976D1EF3CBAD0044727C /* Follow.storyboard */; };
		949797711EF3CBBD0044727C /* Mine.storyboard in Resources */ = {isa = PBXBuildFile; fileRef = 949797701EF3CBBD0044727C /* Mine.storyboard */; };
		949797781EF3CE650044727C /* MainViewController.swift in Sources */ = {isa = PBXBuildFile; fileRef = 949797751EF3CE650044727C /* MainViewController.swift */; };
		9497977D1EF3CE930044727C /* HomeViewController.swift in Sources */ = {isa = PBXBuildFile; fileRef = 9497977C1EF3CE930044727C /* HomeViewController.swift */; };
		949797801EF3D2380044727C /* UIBarButtonItem-Extension.swift in Sources */ = {isa = PBXBuildFile; fileRef = 9497977F1EF3D2380044727C /* UIBarButtonItem-Extension.swift */; };
/* End PBXBuildFile section */

/* Begin PBXFileReference section */
		949797481EF3AC900044727C /* wu89.app */ = {isa = PBXFileReference; explicitFileType = wrapper.application; includeInIndex = 0; path = wu89.app; sourceTree = BUILT_PRODUCTS_DIR; };
		9497974B1EF3AC900044727C /* AppDelegate.swift */ = {isa = PBXFileReference; lastKnownFileType = sourcecode.swift; path = AppDelegate.swift; sourceTree = "<group>"; };
		949797501EF3AC900044727C /* Base */ = {isa = PBXFileReference; lastKnownFileType = file.storyboard; name = Base; path = Base.lproj/Main.storyboard; sourceTree = "<group>"; };
		949797521EF3AC900044727C /* Assets.xcassets */ = {isa = PBXFileReference; lastKnownFileType = folder.assetcatalog; path = Assets.xcassets; sourceTree = "<group>"; };
		949797571EF3AC900044727C /* Info.plist */ = {isa = PBXFileReference; lastKnownFileType = text.plist.xml; path = Info.plist; sourceTree = "<group>"; };
		949797691EF3CAAB0044727C /* Base */ = {isa = PBXFileReference; lastKnownFileType = file.storyboard; name = Base; path = Base.lproj/Home.storyboard; sourceTree = "<group>"; };
		9497976B1EF3CB8B0044727C /* Live.storyboard */ = {isa = PBXFileReference; fileEncoding = 4; lastKnownFileType = file.storyboard; name = Live.storyboard; path = ../../Live.storyboard; sourceTree = "<group>"; };
		9497976E1EF3CBAD0044727C /* Base */ = {isa = PBXFileReference; lastKnownFileType = file.storyboard; name = Base; path = Base.lproj/Follow.storyboard; sourceTree = "<group>"; };
		949797701EF3CBBD0044727C /* Mine.storyboard */ = {isa = PBXFileReference; fileEncoding = 4; lastKnownFileType = file.storyboard; name = Mine.storyboard; path = ../../Mine.storyboard; sourceTree = "<group>"; };
		949797751EF3CE650044727C /* MainViewController.swift */ = {isa = PBXFileReference; fileEncoding = 4; lastKnownFileType = sourcecode.swift; path = MainViewController.swift; sourceTree = "<group>"; };
		9497977C1EF3CE930044727C /* HomeViewController.swift */ = {isa = PBXFileReference; fileEncoding = 4; lastKnownFileType = sourcecode.swift; path = HomeViewController.swift; sourceTree = "<group>"; };
		9497977F1EF3D2380044727C /* UIBarButtonItem-Extension.swift */ = {isa = PBXFileReference; fileEncoding = 4; lastKnownFileType = sourcecode.swift; path = "UIBarButtonItem-Extension.swift"; sourceTree = "<group>"; };
/* End PBXFileReference section */

/* Begin PBXFrameworksBuildPhase section */
		949797451EF3AC900044727C /* Frameworks */ = {
			isa = PBXFrameworksBuildPhase;
			buildActionMask = 2147483647;
			files = (
			);
			runOnlyForDeploymentPostprocessing = 0;
		};
/* End PBXFrameworksBuildPhase section */

/* Begin PBXGroup section */
		9497973F1EF3AC900044727C = {
			isa = PBXGroup;
			children = (
				9497974A1EF3AC900044727C /* wu89 */,
				949797491EF3AC900044727C /* Products */,
			);
			sourceTree = "<group>";
		};
		949797491EF3AC900044727C /* Products */ = {
			isa = PBXGroup;
			children = (
				949797481EF3AC900044727C /* wu89.app */,
			);
			name = Products;
			sourceTree = "<group>";
		};
		9497974A1EF3AC900044727C /* wu89 */ = {
			isa = PBXGroup;
			children = (
				949797611EF3BAB00044727C /* Classes */,
				9497974B1EF3AC900044727C /* AppDelegate.swift */,
				949797521EF3AC900044727C /* Assets.xcassets */,
				949797571EF3AC900044727C /* Info.plist */,
			);
			path = wu89;
			sourceTree = "<group>";
		};
		949797611EF3BAB00044727C /* Classes */ = {
			isa = PBXGroup;
			children = (
				949797651EF3BAB00044727C /* Main */,
				949797631EF3BAB00044727C /* Home */,
				949797641EF3BAB00044727C /* Live */,
				949797621EF3BAB00044727C /* Follow */,
				949797661EF3BAB00044727C /* Profile */,
				949797671EF3BAB00044727C /* Tools */,
			);
			path = Classes;
			sourceTree = "<group>";
		};
		949797621EF3BAB00044727C /* Follow */ = {
			isa = PBXGroup;
			children = (
				9497976D1EF3CBAD0044727C /* Follow.storyboard */,
			);
			path = Follow;
			sourceTree = "<group>";
		};
		949797631EF3BAB00044727C /* Home */ = {
			isa = PBXGroup;
			children = (
				949797791EF3CE730044727C /* Controller */,
				9497977A1EF3CE730044727C /* Model */,
				9497977B1EF3CE730044727C /* View */,
				949797681EF3CAAB0044727C /* Home.storyboard */,
			);
			path = Home;
			sourceTree = "<group>";
		};
		949797641EF3BAB00044727C /* Live */ = {
			isa = PBXGroup;
			children = (
				9497976B1EF3CB8B0044727C /* Live.storyboard */,
			);
			path = Live;
			sourceTree = "<group>";
		};
		949797651EF3BAB00044727C /* Main */ = {
			isa = PBXGroup;
			children = (
				9497974F1EF3AC900044727C /* Main.storyboard */,
				949797741EF3CE650044727C /* Controller */,
				949797761EF3CE650044727C /* Model */,
				949797771EF3CE650044727C /* View */,
			);
			path = Main;
			sourceTree = "<group>";
		};
		949797661EF3BAB00044727C /* Profile */ = {
			isa = PBXGroup;
			children = (
				949797701EF3CBBD0044727C /* Mine.storyboard */,
			);
			path = Profile;
			sourceTree = "<group>";
		};
		949797671EF3BAB00044727C /* Tools */ = {
			isa = PBXGroup;
			children = (
				9497977E1EF3D1FE0044727C /* Extension */,
			);
			path = Tools;
			sourceTree = "<group>";
		};
		949797741EF3CE650044727C /* Controller */ = {
			isa = PBXGroup;
			children = (
				949797751EF3CE650044727C /* MainViewController.swift */,
			);
			path = Controller;
			sourceTree = "<group>";
		};
		949797761EF3CE650044727C /* Model */ = {
			isa = PBXGroup;
			children = (
			);
			path = Model;
			sourceTree = "<group>";
		};
		949797771EF3CE650044727C /* View */ = {
			isa = PBXGroup;
			children = (
			);
			path = View;
			sourceTree = "<group>";
		};
		949797791EF3CE730044727C /* Controller */ = {
			isa = PBXGroup;
			children = (
				9497977C1EF3CE930044727C /* HomeViewController.swift */,
			);
			path = Controller;
			sourceTree = "<group>";
		};
		9497977A1EF3CE730044727C /* Model */ = {
			isa = PBXGroup;
			children = (
			);
			path = Model;
			sourceTree = "<group>";
		};
		9497977B1EF3CE730044727C /* View */ = {
			isa = PBXGroup;
			children = (
			);
			path = View;
			sourceTree = "<group>";
		};
		9497977E1EF3D1FE0044727C /* Extension */ = {
			isa = PBXGroup;
			children = (
				9497977F1EF3D2380044727C /* UIBarButtonItem-Extension.swift */,
			);
			path = Extension;
			sourceTree = "<group>";
		};
/* End PBXGroup section */

/* Begin PBXNativeTarget section */
		949797471EF3AC900044727C /* wu89 */ = {
			isa = PBXNativeTarget;
			buildConfigurationList = 9497975A1EF3AC900044727C /* Build configuration list for PBXNativeTarget "wu89" */;
			buildPhases = (
				949797441EF3AC900044727C /* Sources */,
				949797451EF3AC900044727C /* Frameworks */,
				949797461EF3AC900044727C /* Resources */,
			);
			buildRules = (
			);
			dependencies = (
			);
			name = wu89;
			productName = wu89;
			productReference = 949797481EF3AC900044727C /* wu89.app */;
			productType = "com.apple.product-type.application";
		};
/* End PBXNativeTarget section */

/* Begin PBXProject section */
		949797401EF3AC900044727C /* Project object */ = {
			isa = PBXProject;
			attributes = {
				LastSwiftUpdateCheck = 0830;
				LastUpgradeCheck = 0830;
				ORGANIZATIONNAME = wu;
				TargetAttributes = {
					949797471EF3AC900044727C = {
						CreatedOnToolsVersion = 8.3.3;
						DevelopmentTeam = 2RQCZC86RE;
						ProvisioningStyle = Automatic;
					};
				};
			};
			buildConfigurationList = 949797431EF3AC900044727C /* Build configuration list for PBXProject "wu89" */;
			compatibilityVersion = "Xcode 3.2";
			developmentRegion = English;
			hasScannedForEncodings = 0;
			knownRegions = (
				en,
				Base,
			);
			mainGroup = 9497973F1EF3AC900044727C;
			productRefGroup = 949797491EF3AC900044727C /* Products */;
			projectDirPath = "";
			projectRoot = "";
			targets = (
				949797471EF3AC900044727C /* wu89 */,
			);
		};
/* End PBXProject section */

/* Begin PBXResourcesBuildPhase section */
		949797461EF3AC900044727C /* Resources */ = {
			isa = PBXResourcesBuildPhase;
			buildActionMask = 2147483647;
			files = (
				9497976F1EF3CBAD0044727C /* Follow.storyboard in Resources */,
				9497976A1EF3CAAB0044727C /* Home.storyboard in Resources */,
				949797531EF3AC900044727C /* Assets.xcassets in Resources */,
				949797711EF3CBBD0044727C /* Mine.storyboard in Resources */,
				9497976C1EF3CB8B0044727C /* Live.storyboard in Resources */,
				949797511EF3AC900044727C /* Main.storyboard in Resources */,
			);
			runOnlyForDeploymentPostprocessing = 0;
		};
/* End PBXResourcesBuildPhase section */

/* Begin PBXSourcesBuildPhase section */
		949797441EF3AC900044727C /* Sources */ = {
			isa = PBXSourcesBuildPhase;
			buildActionMask = 2147483647;
			files = (
				9497974C1EF3AC900044727C /* AppDelegate.swift in Sources */,
				949797781EF3CE650044727C /* MainViewController.swift in Sources */,
				949797801EF3D2380044727C /* UIBarButtonItem-Extension.swift in Sources */,
				9497977D1EF3CE930044727C /* HomeViewController.swift in Sources */,
			);
			runOnlyForDeploymentPostprocessing = 0;
		};
/* End PBXSourcesBuildPhase section */

/* Begin PBXVariantGroup section */
		9497974F1EF3AC900044727C /* Main.storyboard */ = {
			isa = PBXVariantGroup;
			children = (
				949797501EF3AC900044727C /* Base */,
			);
			name = Main.storyboard;
			path = ../..;
			sourceTree = "<group>";
		};
		949797681EF3CAAB0044727C /* Home.storyboard */ = {
			isa = PBXVariantGroup;
			children = (
				949797691EF3CAAB0044727C /* Base */,
			);
			name = Home.storyboard;
			path = ../..;
			sourceTree = "<group>";
		};
		9497976D1EF3CBAD0044727C /* Follow.storyboard */ = {
			isa = PBXVariantGroup;
			children = (
				9497976E1EF3CBAD0044727C /* Base */,
			);
			name = Follow.storyboard;
			path = ../..;
			sourceTree = "<group>";
		};
/* End PBXVariantGroup section */

/* Begin XCBuildConfiguration section */
		949797581EF3AC900044727C /* Debug */ = {
			isa = XCBuildConfiguration;
			buildSettings = {
				ALWAYS_SEARCH_USER_PATHS = NO;
				CLANG_ANALYZER_NONNULL = YES;
				CLANG_ANALYZER_NUMBER_OBJECT_CONVERSION = YES_AGGRESSIVE;
				CLANG_CXX_LANGUAGE_STANDARD = "gnu++0x";
				CLANG_CXX_LIBRARY = "libc++";
				CLANG_ENABLE_MODULES = YES;
				CLANG_ENABLE_OBJC_ARC = YES;
				CLANG_WARN_BOOL_CONVERSION = YES;
				CLANG_WARN_CONSTANT_CONVERSION = YES;
				CLANG_WARN_DIRECT_OBJC_ISA_USAGE = YES_ERROR;
				CLANG_WARN_DOCUMENTATION_COMMENTS = YES;
				CLANG_WARN_EMPTY_BODY = YES;
				CLANG_WARN_ENUM_CONVERSION = YES;
				CLANG_WARN_INFINITE_RECURSION = YES;
				CLANG_WARN_INT_CONVERSION = YES;
				CLANG_WARN_OBJC_ROOT_CLASS = YES_ERROR;
				CLANG_WARN_SUSPICIOUS_MOVE = YES;
				CLANG_WARN_UNREACHABLE_CODE = YES;
				CLANG_WARN__DUPLICATE_METHOD_MATCH = YES;
				"CODE_SIGN_IDENTITY[sdk=iphoneos*]" = "iPhone Developer";
				COPY_PHASE_STRIP = NO;
				DEBUG_INFORMATION_FORMAT = dwarf;
				ENABLE_STRICT_OBJC_MSGSEND = YES;
				ENABLE_TESTABILITY = YES;
				GCC_C_LANGUAGE_STANDARD = gnu99;
				GCC_DYNAMIC_NO_PIC = NO;
				GCC_NO_COMMON_BLOCKS = YES;
				GCC_OPTIMIZATION_LEVEL = 0;
				GCC_PREPROCESSOR_DEFINITIONS = (
					"DEBUG=1",
					"$(inherited)",
				);
				GCC_WARN_64_TO_32_BIT_CONVERSION = YES;
				GCC_WARN_ABOUT_RETURN_TYPE = YES_ERROR;
				GCC_WARN_UNDECLARED_SELECTOR = YES;
				GCC_WARN_UNINITIALIZED_AUTOS = YES_AGGRESSIVE;
				GCC_WARN_UNUSED_FUNCTION = YES;
				GCC_WARN_UNUSED_VARIABLE = YES;
				IPHONEOS_DEPLOYMENT_TARGET = 10.3;
				MTL_ENABLE_DEBUG_INFO = YES;
				ONLY_ACTIVE_ARCH = YES;
				SDKROOT = iphoneos;
				SWIFT_ACTIVE_COMPILATION_CONDITIONS = DEBUG;
				SWIFT_OPTIMIZATION_LEVEL = "-Onone";
			};
			name = Debug;
		};
		949797591EF3AC900044727C /* Release */ = {
			isa = XCBuildConfiguration;
			buildSettings = {
				ALWAYS_SEARCH_USER_PATHS = NO;
				CLANG_ANALYZER_NONNULL = YES;
				CLANG_ANALYZER_NUMBER_OBJECT_CONVERSION = YES_AGGRESSIVE;
				CLANG_CXX_LANGUAGE_STANDARD = "gnu++0x";
				CLANG_CXX_LIBRARY = "libc++";
				CLANG_ENABLE_MODULES = YES;
				CLANG_ENABLE_OBJC_ARC = YES;
				CLANG_WARN_BOOL_CONVERSION = YES;
				CLANG_WARN_CONSTANT_CONVERSION = YES;
				CLANG_WARN_DIRECT_OBJC_ISA_USAGE = YES_ERROR;
				CLANG_WARN_DOCUMENTATION_COMMENTS = YES;
				CLANG_WARN_EMPTY_BODY = YES;
				CLANG_WARN_ENUM_CONVERSION = YES;
				CLANG_WARN_INFINITE_RECURSION = YES;
				CLANG_WARN_INT_CONVERSION = YES;
				CLANG_WARN_OBJC_ROOT_CLASS = YES_ERROR;
				CLANG_WARN_SUSPICIOUS_MOVE = YES;
				CLANG_WARN_UNREACHABLE_CODE = YES;
				CLANG_WARN__DUPLICATE_METHOD_MATCH = YES;
				"CODE_SIGN_IDENTITY[sdk=iphoneos*]" = "iPhone Developer";
				COPY_PHASE_STRIP = NO;
				DEBUG_INFORMATION_FORMAT = "dwarf-with-dsym";
				ENABLE_NS_ASSERTIONS = NO;
				ENABLE_STRICT_OBJC_MSGSEND = YES;
				GCC_C_LANGUAGE_STANDARD = gnu99;
				GCC_NO_COMMON_BLOCKS = YES;
				GCC_WARN_64_TO_32_BIT_CONVERSION = YES;
				GCC_WARN_ABOUT_RETURN_TYPE = YES_ERROR;
				GCC_WARN_UNDECLARED_SELECTOR = YES;
				GCC_WARN_UNINITIALIZED_AUTOS = YES_AGGRESSIVE;
				GCC_WARN_UNUSED_FUNCTION = YES;
				GCC_WARN_UNUSED_VARIABLE = YES;
				IPHONEOS_DEPLOYMENT_TARGET = 10.3;
				MTL_ENABLE_DEBUG_INFO = NO;
				SDKROOT = iphoneos;
				SWIFT_OPTIMIZATION_LEVEL = "-Owholemodule";
				VALIDATE_PRODUCT = YES;
			};
			name = Release;
		};
		9497975B1EF3AC900044727C /* Debug */ = {
			isa = XCBuildConfiguration;
			buildSettings = {
				ASSETCATALOG_COMPILER_APPICON_NAME = AppIcon;
				ASSETCATALOG_COMPILER_LAUNCHIMAGE_NAME = LaunchImage;
				DEVELOPMENT_TEAM = 2RQCZC86RE;
				INFOPLIST_FILE = wu89/Info.plist;
				IPHONEOS_DEPLOYMENT_TARGET = 8.0;
				LD_RUNPATH_SEARCH_PATHS = "$(inherited) @executable_path/Frameworks";
				PRODUCT_BUNDLE_IDENTIFIER = wu.wu89;
				PRODUCT_NAME = "$(TARGET_NAME)";
				SWIFT_VERSION = 3.0;
			};
			name = Debug;
		};
		9497975C1EF3AC900044727C /* Release */ = {
			isa = XCBuildConfiguration;
			buildSettings = {
				ASSETCATALOG_COMPILER_APPICON_NAME = AppIcon;
				ASSETCATALOG_COMPILER_LAUNCHIMAGE_NAME = LaunchImage;
				DEVELOPMENT_TEAM = 2RQCZC86RE;
				INFOPLIST_FILE = wu89/Info.plist;
				IPHONEOS_DEPLOYMENT_TARGET = 8.0;
				LD_RUNPATH_SEARCH_PATHS = "$(inherited) @executable_path/Frameworks";
				PRODUCT_BUNDLE_IDENTIFIER = wu.wu89;
				PRODUCT_NAME = "$(TARGET_NAME)";
				SWIFT_VERSION = 3.0;
			};
			name = Release;
		};
/* End XCBuildConfiguration section */

/* Begin XCConfigurationList section */
		949797431EF3AC900044727C /* Build configuration list for PBXProject "wu89" */ = {
			isa = XCConfigurationList;
			buildConfigurations = (
				949797581EF3AC900044727C /* Debug */,
				949797591EF3AC900044727C /* Release */,
			);
			defaultConfigurationIsVisible = 0;
			defaultConfigurationName = Release;
		};
		9497975A1EF3AC900044727C /* Build configuration list for PBXNativeTarget "wu89" */ = {
			isa = XCConfigurationList;
			buildConfigurations = (
				9497975B1EF3AC900044727C /* Debug */,
				9497975C1EF3AC900044727C /* Release */,
			);
			defaultConfigurationIsVisible = 0;
		};
/* End XCConfigurationList section */
	};
	rootObject = 949797401EF3AC900044727C /* Project object */;
}
